
Microsoft Visual Studio Solution File, Format Version 12.00
# Visual Studio Version 17
VisualStudioVersion = 17.0.31903.59
MinimumVisualStudioVersion = 10.0.40219.1
Project("{2150E333-8FDC-42A3-9474-1A3956D46DE8}") = "src", "src", "{3B19AE15-3C49-4C98-97AE-FCE6240D0E58}"
EndProject
Project("{FAE04EC0-301F-11D3-BF4B-00C04F79EFBC}") = "seq-exporter", "src\seq-exporter\seq-exporter.csproj", "{DE6B684C-2AEB-42EB-AF32-23FB358661C8}"
EndProject
Project("{2150E333-8FDC-42A3-9474-1A3956D46DE8}") = "tests", "tests", "{54220515-BB20-453C-832C-848CD9D84336}"
EndProject
Project("{FAE04EC0-301F-11D3-BF4B-00C04F79EFBC}") = "seq-exporter.Tests", "tests\seq-exporter.Tests\seq-exporter.Tests.csproj", "{D0B5F9CF-82AC-4A37-A137-C2107056CBF4}"
EndProject
Global
	GlobalSection(SolutionConfigurationPlatforms) = preSolution
		Debug|Any CPU = Debug|Any CPU
		Release|Any CPU = Release|Any CPU
	EndGlobalSection
	GlobalSection(SolutionProperties) = preSolution
		HideSolutionNode = FALSE
	EndGlobalSection
	GlobalSection(ProjectConfigurationPlatforms) = postSolution
		{DE6B684C-2AEB-42EB-AF32-23FB358661C8}.Debug|Any CPU.ActiveCfg = Debug|Any CPU
		{DE6B684C-2AEB-42EB-AF32-23FB358661C8}.Debug|Any CPU.Build.0 = Debug|Any CPU
		{DE6B684C-2AEB-42EB-AF32-23FB358661C8}.Release|Any CPU.ActiveCfg = Release|Any CPU
		{DE6B684C-2AEB-42EB-AF32-23FB358661C8}.Release|Any CPU.Build.0 = Release|Any CPU
		{D0B5F9CF-82AC-4A37-A137-C2107056CBF4}.Debug|Any CPU.ActiveCfg = Debug|Any CPU
		{D0B5F9CF-82AC-4A37-A137-C2107056CBF4}.Debug|Any CPU.Build.0 = Debug|Any CPU
		{D0B5F9CF-82AC-4A37-A137-C2107056CBF4}.Release|Any CPU.ActiveCfg = Release|Any CPU
		{D0B5F9CF-82AC-4A37-A137-C2107056CBF4}.Release|Any CPU.Build.0 = Release|Any CPU
	EndGlobalSection
	GlobalSection(NestedProjects) = preSolution
		{DE6B684C-2AEB-42EB-AF32-23FB358661C8} = {3B19AE15-3C49-4C98-97AE-FCE6240D0E58}
		{D0B5F9CF-82AC-4A37-A137-C2107056CBF4} = {54220515-BB20-453C-832C-848CD9D84336}
	EndGlobalSection
EndGlobal
